
Microsoft Visual Studio Solution File, Format Version 12.00
# Visual Studio Version 16
VisualStudioVersion = 16.0.30717.126
MinimumVisualStudioVersion = 10.0.40219.1
Project("{FAE04EC0-301F-11D3-BF4B-00C04F79EFBC}") = "Selfstudy_Winform2", "Selfstudy_Winform2\Selfstudy_Winform2.csproj", "{0043A3A1-5C50-41F5-A8CD-74892ED7F83D}"
EndProject
Project("{FAE04EC0-301F-11D3-BF4B-00C04F79EFBC}") = "Simple Clicker", "Simple Clicker\Simple Clicker.csproj", "{EA4D9347-6684-4896-8E43-FDC63B750C86}"
EndProject
Project("{FAE04EC0-301F-11D3-BF4B-00C04F79EFBC}") = "Queue_Stack", "Queue_Stack\Queue_Stack.csproj", "{05B2E056-014B-47AF-A25A-D30F18E7205E}"
EndProject
Project("{FAE04EC0-301F-11D3-BF4B-00C04F79EFBC}") = "Study_List", "ArrayList_List\Study_List.csproj", "{4DB48CE5-0AED-47CC-AE3F-647D3FA878E0}"
EndProject
Project("{FAE04EC0-301F-11D3-BF4B-00C04F79EFBC}") = "Study_Dictionary", "Study_Dictionary\Study_Dictionary.csproj", "{3ADA5D18-B86B-4935-8CAC-297A64795C29}"
EndProject
Global
	GlobalSection(SolutionConfigurationPlatforms) = preSolution
		Debug|Any CPU = Debug|Any CPU
		Release|Any CPU = Release|Any CPU
	EndGlobalSection
	GlobalSection(ProjectConfigurationPlatforms) = postSolution
		{0043A3A1-5C50-41F5-A8CD-74892ED7F83D}.Debug|Any CPU.ActiveCfg = Debug|Any CPU
		{0043A3A1-5C50-41F5-A8CD-74892ED7F83D}.Debug|Any CPU.Build.0 = Debug|Any CPU
		{0043A3A1-5C50-41F5-A8CD-74892ED7F83D}.Release|Any CPU.ActiveCfg = Release|Any CPU
		{0043A3A1-5C50-41F5-A8CD-74892ED7F83D}.Release|Any CPU.Build.0 = Release|Any CPU
		{EA4D9347-6684-4896-8E43-FDC63B750C86}.Debug|Any CPU.ActiveCfg = Debug|Any CPU
		{EA4D9347-6684-4896-8E43-FDC63B750C86}.Debug|Any CPU.Build.0 = Debug|Any CPU
		{EA4D9347-6684-4896-8E43-FDC63B750C86}.Release|Any CPU.ActiveCfg = Release|Any CPU
		{EA4D9347-6684-4896-8E43-FDC63B750C86}.Release|Any CPU.Build.0 = Release|Any CPU
		{05B2E056-014B-47AF-A25A-D30F18E7205E}.Debug|Any CPU.ActiveCfg = Debug|Any CPU
		{05B2E056-014B-47AF-A25A-D30F18E7205E}.Debug|Any CPU.Build.0 = Debug|Any CPU
		{05B2E056-014B-47AF-A25A-D30F18E7205E}.Release|Any CPU.ActiveCfg = Release|Any CPU
		{05B2E056-014B-47AF-A25A-D30F18E7205E}.Release|Any CPU.Build.0 = Release|Any CPU
		{4DB48CE5-0AED-47CC-AE3F-647D3FA878E0}.Debug|Any CPU.ActiveCfg = Debug|Any CPU
		{4DB48CE5-0AED-47CC-AE3F-647D3FA878E0}.Debug|Any CPU.Build.0 = Debug|Any CPU
		{4DB48CE5-0AED-47CC-AE3F-647D3FA878E0}.Release|Any CPU.ActiveCfg = Release|Any CPU
		{4DB48CE5-0AED-47CC-AE3F-647D3FA878E0}.Release|Any CPU.Build.0 = Release|Any CPU
		{3ADA5D18-B86B-4935-8CAC-297A64795C29}.Debug|Any CPU.ActiveCfg = Debug|Any CPU
		{3ADA5D18-B86B-4935-8CAC-297A64795C29}.Debug|Any CPU.Build.0 = Debug|Any CPU
		{3ADA5D18-B86B-4935-8CAC-297A64795C29}.Release|Any CPU.ActiveCfg = Release|Any CPU
		{3ADA5D18-B86B-4935-8CAC-297A64795C29}.Release|Any CPU.Build.0 = Release|Any CPU
	EndGlobalSection
	GlobalSection(SolutionProperties) = preSolution
		HideSolutionNode = FALSE
	EndGlobalSection
	GlobalSection(ExtensibilityGlobals) = postSolution
		SolutionGuid = {BFFAC05E-02AF-4A13-9AA1-F3B5492B8173}
	EndGlobalSection
EndGlobal
